
Microsoft Visual Studio Solution File, Format Version 12.00
# Visual Studio Version 17
VisualStudioVersion = 17.10.35004.147
MinimumVisualStudioVersion = 10.0.40219.1
Project("{9A19103F-16F7-4668-BE54-9A1E7A4F7556}") = "confirp-bonescore", "confirp-bonescore\confirp-bonescore.csproj", "{2929613A-EF44-4EF8-9598-8DF62E601FC1}"
EndProject
Project("{2150E333-8FDC-42A3-9474-1A3956D46DE8}") = "workflows", "workflows", "{81862E2D-D676-405C-9492-B60F0D998CAD}"
	ProjectSection(SolutionItems) = preProject
		Development.yaml = Development.yaml
		.gitea\workflows\publish.yaml = .gitea\workflows\publish.yaml
	EndProjectSection
EndProject
Project("{FAE04EC0-301F-11D3-BF4B-00C04F79EFBC}") = "BonesORMUnitTests", "BonesORMUnitTests\BonesORMUnitTests.csproj", "{A1DB9551-77D7-4418-AC04-7D3FBC109097}"
EndProject
Global
	GlobalSection(SolutionConfigurationPlatforms) = preSolution
		Debug|Any CPU = Debug|Any CPU
		Release|Any CPU = Release|Any CPU
	EndGlobalSection
	GlobalSection(ProjectConfigurationPlatforms) = postSolution
		{2929613A-EF44-4EF8-9598-8DF62E601FC1}.Debug|Any CPU.ActiveCfg = Debug|Any CPU
		{2929613A-EF44-4EF8-9598-8DF62E601FC1}.Debug|Any CPU.Build.0 = Debug|Any CPU
		{2929613A-EF44-4EF8-9598-8DF62E601FC1}.Release|Any CPU.ActiveCfg = Release|Any CPU
		{2929613A-EF44-4EF8-9598-8DF62E601FC1}.Release|Any CPU.Build.0 = Release|Any CPU
		{A1DB9551-77D7-4418-AC04-7D3FBC109097}.Debug|Any CPU.ActiveCfg = Debug|Any CPU
		{A1DB9551-77D7-4418-AC04-7D3FBC109097}.Debug|Any CPU.Build.0 = Debug|Any CPU
		{A1DB9551-77D7-4418-AC04-7D3FBC109097}.Release|Any CPU.ActiveCfg = Release|Any CPU
		{A1DB9551-77D7-4418-AC04-7D3FBC109097}.Release|Any CPU.Build.0 = Release|Any CPU
	EndGlobalSection
	GlobalSection(SolutionProperties) = preSolution
		HideSolutionNode = FALSE
	EndGlobalSection
	GlobalSection(ExtensibilityGlobals) = postSolution
		SolutionGuid = {B428046A-3623-4E4C-944F-6976AA4CC4AE}
	EndGlobalSection
EndGlobal
